// !$*UTF8*$!
{
	archiveVersion = 1;
	classes = {
	};
	objectVersion = 56;
	objects = {

/* Begin PBXBuildFile section */
		3D91C9BF2B0FF4300072D756 /* AppDelegate.swift in Sources */ = {isa = PBXBuildFile; fileRef = 3D91C9BE2B0FF4300072D756 /* AppDelegate.swift */; };
		3D91C9C12B0FF4300072D756 /* SceneDelegate.swift in Sources */ = {isa = PBXBuildFile; fileRef = 3D91C9C02B0FF4300072D756 /* SceneDelegate.swift */; };
		3D91C9C32B0FF4300072D756 /* WelcomeViewController.swift in Sources */ = {isa = PBXBuildFile; fileRef = 3D91C9C22B0FF4300072D756 /* WelcomeViewController.swift */; };
		3D91C9C62B0FF4300072D756 /* Main.storyboard in Resources */ = {isa = PBXBuildFile; fileRef = 3D91C9C42B0FF4300072D756 /* Main.storyboard */; };
		3D91C9C92B0FF4300072D756 /* MovieDataBase_MdevData.xcdatamodeld in Sources */ = {isa = PBXBuildFile; fileRef = 3D91C9C72B0FF4300072D756 /* MovieDataBase_MdevData.xcdatamodeld */; };
		3D91C9CB2B0FF4330072D756 /* Assets.xcassets in Resources */ = {isa = PBXBuildFile; fileRef = 3D91C9CA2B0FF4330072D756 /* Assets.xcassets */; };
		3D91C9CE2B0FF4330072D756 /* LaunchScreen.storyboard in Resources */ = {isa = PBXBuildFile; fileRef = 3D91C9CC2B0FF4330072D756 /* LaunchScreen.storyboard */; };
		3D91C9D72B1000260072D756 /* CustomCell.swift in Sources */ = {isa = PBXBuildFile; fileRef = 3D91C9D52B1000260072D756 /* CustomCell.swift */; };
		3D91C9D82B1000260072D756 /* CustomCell.xib in Resources */ = {isa = PBXBuildFile; fileRef = 3D91C9D62B1000260072D756 /* CustomCell.xib */; };
		3D91C9DA2B10028F0072D756 /* MovieListViewController.swift in Sources */ = {isa = PBXBuildFile; fileRef = 3D91C9D92B10028F0072D756 /* MovieListViewController.swift */; };
		3D91C9DC2B1002AB0072D756 /* AddMovieController.swift in Sources */ = {isa = PBXBuildFile; fileRef = 3D91C9DB2B1002AB0072D756 /* AddMovieController.swift */; };
		3D91C9E12B1010200072D756 /* MovieData.swift in Sources */ = {isa = PBXBuildFile; fileRef = 3D91C9E02B1010200072D756 /* MovieData.swift */; };
		3D91C9E72B1024270072D756 /* MovieDataManager.swift in Sources */ = {isa = PBXBuildFile; fileRef = 3D91C9E62B1024270072D756 /* MovieDataManager.swift */; };
		3D91C9EC2B104B810072D756 /* movieData.json in Resources */ = {isa = PBXBuildFile; fileRef = 3D91C9EB2B104B810072D756 /* movieData.json */; };
		3D91C9EE2B106A060072D756 /* UpdateMovieController.swift in Sources */ = {isa = PBXBuildFile; fileRef = 3D91C9ED2B106A060072D756 /* UpdateMovieController.swift */; };
/* End PBXBuildFile section */

/* Begin PBXFileReference section */
		3D91C9BB2B0FF4300072D756 /* MovieDataBase MdevData.app */ = {isa = PBXFileReference; explicitFileType = wrapper.application; includeInIndex = 0; path = "MovieDataBase MdevData.app"; sourceTree = BUILT_PRODUCTS_DIR; };
		3D91C9BE2B0FF4300072D756 /* AppDelegate.swift */ = {isa = PBXFileReference; lastKnownFileType = sourcecode.swift; path = AppDelegate.swift; sourceTree = "<group>"; };
		3D91C9C02B0FF4300072D756 /* SceneDelegate.swift */ = {isa = PBXFileReference; lastKnownFileType = sourcecode.swift; path = SceneDelegate.swift; sourceTree = "<group>"; };
		3D91C9C22B0FF4300072D756 /* WelcomeViewController.swift */ = {isa = PBXFileReference; lastKnownFileType = sourcecode.swift; path = WelcomeViewController.swift; sourceTree = "<group>"; };
		3D91C9C52B0FF4300072D756 /* Base */ = {isa = PBXFileReference; lastKnownFileType = file.storyboard; name = Base; path = Base.lproj/Main.storyboard; sourceTree = "<group>"; };
		3D91C9C82B0FF4300072D756 /* MovieDataBase_MdevData.xcdatamodel */ = {isa = PBXFileReference; lastKnownFileType = wrapper.xcdatamodel; path = MovieDataBase_MdevData.xcdatamodel; sourceTree = "<group>"; };
		3D91C9CA2B0FF4330072D756 /* Assets.xcassets */ = {isa = PBXFileReference; lastKnownFileType = folder.assetcatalog; path = Assets.xcassets; sourceTree = "<group>"; };
		3D91C9CD2B0FF4330072D756 /* Base */ = {isa = PBXFileReference; lastKnownFileType = file.storyboard; name = Base; path = Base.lproj/LaunchScreen.storyboard; sourceTree = "<group>"; };
		3D91C9CF2B0FF4330072D756 /* Info.plist */ = {isa = PBXFileReference; lastKnownFileType = text.plist.xml; path = Info.plist; sourceTree = "<group>"; };
		3D91C9D52B1000260072D756 /* CustomCell.swift */ = {isa = PBXFileReference; lastKnownFileType = sourcecode.swift; path = CustomCell.swift; sourceTree = "<group>"; };
		3D91C9D62B1000260072D756 /* CustomCell.xib */ = {isa = PBXFileReference; lastKnownFileType = file.xib; path = CustomCell.xib; sourceTree = "<group>"; };
		3D91C9D92B10028F0072D756 /* MovieListViewController.swift */ = {isa = PBXFileReference; lastKnownFileType = sourcecode.swift; path = MovieListViewController.swift; sourceTree = "<group>"; };
		3D91C9DB2B1002AB0072D756 /* AddMovieController.swift */ = {isa = PBXFileReference; lastKnownFileType = sourcecode.swift; path = AddMovieController.swift; sourceTree = "<group>"; };
		3D91C9E02B1010200072D756 /* MovieData.swift */ = {isa = PBXFileReference; lastKnownFileType = sourcecode.swift; path = MovieData.swift; sourceTree = "<group>"; };
		3D91C9E62B1024270072D756 /* MovieDataManager.swift */ = {isa = PBXFileReference; lastKnownFileType = sourcecode.swift; path = MovieDataManager.swift; sourceTree = "<group>"; };
		3D91C9EB2B104B810072D756 /* movieData.json */ = {isa = PBXFileReference; fileEncoding = 4; lastKnownFileType = text.json; path = movieData.json; sourceTree = "<group>"; };
		3D91C9ED2B106A060072D756 /* UpdateMovieController.swift */ = {isa = PBXFileReference; lastKnownFileType = sourcecode.swift; path = UpdateMovieController.swift; sourceTree = "<group>"; };
/* End PBXFileReference section */

/* Begin PBXFrameworksBuildPhase section */
		3D91C9B82B0FF4300072D756 /* Frameworks */ = {
			isa = PBXFrameworksBuildPhase;
			buildActionMask = 2147483647;
			files = (
			);
			runOnlyForDeploymentPostprocessing = 0;
		};
/* End PBXFrameworksBuildPhase section */

/* Begin PBXGroup section */
		3D91C9B22B0FF4300072D756 = {
			isa = PBXGroup;
			children = (
				3D91C9BD2B0FF4300072D756 /* MovieDataBase MdevData */,
				3D91C9BC2B0FF4300072D756 /* Products */,
			);
			sourceTree = "<group>";
		};
		3D91C9BC2B0FF4300072D756 /* Products */ = {
			isa = PBXGroup;
			children = (
				3D91C9BB2B0FF4300072D756 /* MovieDataBase MdevData.app */,
			);
			name = Products;
			sourceTree = "<group>";
		};
		3D91C9BD2B0FF4300072D756 /* MovieDataBase MdevData */ = {
			isa = PBXGroup;
			children = (
				3D91C9BE2B0FF4300072D756 /* AppDelegate.swift */,
				3D91C9C02B0FF4300072D756 /* SceneDelegate.swift */,
				3D91C9E22B10102B0072D756 /* Model */,
				3D91C9E32B10104C0072D756 /* View */,
				3D91C9DF2B1002D10072D756 /* Controllers */,
				3D91C9CA2B0FF4330072D756 /* Assets.xcassets */,
				3D91C9CC2B0FF4330072D756 /* LaunchScreen.storyboard */,
				3D91C9CF2B0FF4330072D756 /* Info.plist */,
				3D91C9EB2B104B810072D756 /* movieData.json */,
			);
			path = "MovieDataBase MdevData";
			sourceTree = "<group>";
		};
		3D91C9DF2B1002D10072D756 /* Controllers */ = {
			isa = PBXGroup;
			children = (
				3D91C9C22B0FF4300072D756 /* WelcomeViewController.swift */,
				3D91C9D92B10028F0072D756 /* MovieListViewController.swift */,
				3D91C9DB2B1002AB0072D756 /* AddMovieController.swift */,
				3D91C9ED2B106A060072D756 /* UpdateMovieController.swift */,
			);
			path = Controllers;
			sourceTree = "<group>";
		};
		3D91C9E22B10102B0072D756 /* Model */ = {
			isa = PBXGroup;
			children = (
				3D91C9E02B1010200072D756 /* MovieData.swift */,
				3D91C9E62B1024270072D756 /* MovieDataManager.swift */,
				3D91C9C72B0FF4300072D756 /* MovieDataBase_MdevData.xcdatamodeld */,
			);
			path = Model;
			sourceTree = "<group>";
		};
		3D91C9E32B10104C0072D756 /* View */ = {
			isa = PBXGroup;
			children = (
				3D91C9C42B0FF4300072D756 /* Main.storyboard */,
				3D91C9D52B1000260072D756 /* CustomCell.swift */,
				3D91C9D62B1000260072D756 /* CustomCell.xib */,
			);
			path = View;
			sourceTree = "<group>";
		};
/* End PBXGroup section */

/* Begin PBXNativeTarget section */
		3D91C9BA2B0FF4300072D756 /* MovieDataBase MdevData */ = {
			isa = PBXNativeTarget;
			buildConfigurationList = 3D91C9D22B0FF4330072D756 /* Build configuration list for PBXNativeTarget "MovieDataBase MdevData" */;
			buildPhases = (
				3D91C9B72B0FF4300072D756 /* Sources */,
				3D91C9B82B0FF4300072D756 /* Frameworks */,
				3D91C9B92B0FF4300072D756 /* Resources */,
			);
			buildRules = (
			);
			dependencies = (
			);
			name = "MovieDataBase MdevData";
			productName = "MovieDataBase MdevData";
			productReference = 3D91C9BB2B0FF4300072D756 /* MovieDataBase MdevData.app */;
			productType = "com.apple.product-type.application";
		};
/* End PBXNativeTarget section */

/* Begin PBXProject section */
		3D91C9B32B0FF4300072D756 /* Project object */ = {
			isa = PBXProject;
			attributes = {
				BuildIndependentTargetsInParallel = 1;
				LastSwiftUpdateCheck = 1500;
				LastUpgradeCheck = 1500;
				TargetAttributes = {
					3D91C9BA2B0FF4300072D756 = {
						CreatedOnToolsVersion = 15.0.1;
					};
				};
			};
			buildConfigurationList = 3D91C9B62B0FF4300072D756 /* Build configuration list for PBXProject "MovieDataBase MdevData" */;
			compatibilityVersion = "Xcode 14.0";
			developmentRegion = en;
			hasScannedForEncodings = 0;
			knownRegions = (
				en,
				Base,
			);
			mainGroup = 3D91C9B22B0FF4300072D756;
			productRefGroup = 3D91C9BC2B0FF4300072D756 /* Products */;
			projectDirPath = "";
			projectRoot = "";
			targets = (
				3D91C9BA2B0FF4300072D756 /* MovieDataBase MdevData */,
			);
		};
/* End PBXProject section */

/* Begin PBXResourcesBuildPhase section */
		3D91C9B92B0FF4300072D756 /* Resources */ = {
			isa = PBXResourcesBuildPhase;
			buildActionMask = 2147483647;
			files = (
				3D91C9CE2B0FF4330072D756 /* LaunchScreen.storyboard in Resources */,
				3D91C9CB2B0FF4330072D756 /* Assets.xcassets in Resources */,
				3D91C9EC2B104B810072D756 /* movieData.json in Resources */,
				3D91C9D82B1000260072D756 /* CustomCell.xib in Resources */,
				3D91C9C62B0FF4300072D756 /* Main.storyboard in Resources */,
			);
			runOnlyForDeploymentPostprocessing = 0;
		};
/* End PBXResourcesBuildPhase section */

/* Begin PBXSourcesBuildPhase section */
		3D91C9B72B0FF4300072D756 /* Sources */ = {
			isa = PBXSourcesBuildPhase;
			buildActionMask = 2147483647;
			files = (
				3D91C9E72B1024270072D756 /* MovieDataManager.swift in Sources */,
				3D91C9C32B0FF4300072D756 /* WelcomeViewController.swift in Sources */,
				3D91C9EE2B106A060072D756 /* UpdateMovieController.swift in Sources */,
				3D91C9DC2B1002AB0072D756 /* AddMovieController.swift in Sources */,
				3D91C9E12B1010200072D756 /* MovieData.swift in Sources */,
				3D91C9C92B0FF4300072D756 /* MovieDataBase_MdevData.xcdatamodeld in Sources */,
				3D91C9D72B1000260072D756 /* CustomCell.swift in Sources */,
				3D91C9DA2B10028F0072D756 /* MovieListViewController.swift in Sources */,
				3D91C9BF2B0FF4300072D756 /* AppDelegate.swift in Sources */,
				3D91C9C12B0FF4300072D756 /* SceneDelegate.swift in Sources */,
			);
			runOnlyForDeploymentPostprocessing = 0;
		};
/* End PBXSourcesBuildPhase section */

/* Begin PBXVariantGroup section */
		3D91C9C42B0FF4300072D756 /* Main.storyboard */ = {
			isa = PBXVariantGroup;
			children = (
				3D91C9C52B0FF4300072D756 /* Base */,
			);
			name = Main.storyboard;
			sourceTree = "<group>";
		};
		3D91C9CC2B0FF4330072D756 /* LaunchScreen.storyboard */ = {
			isa = PBXVariantGroup;
			children = (
				3D91C9CD2B0FF4330072D756 /* Base */,
			);
			name = LaunchScreen.storyboard;
			sourceTree = "<group>";
		};
/* End PBXVariantGroup section */

/* Begin XCBuildConfiguration section */
		3D91C9D02B0FF4330072D756 /* Debug */ = {
			isa = XCBuildConfiguration;
			buildSettings = {
				ALWAYS_SEARCH_USER_PATHS = NO;
				ASSETCATALOG_COMPILER_GENERATE_SWIFT_ASSET_SYMBOL_EXTENSIONS = YES;
				CLANG_ANALYZER_NONNULL = YES;
				CLANG_ANALYZER_NUMBER_OBJECT_CONVERSION = YES_AGGRESSIVE;
				CLANG_CXX_LANGUAGE_STANDARD = "gnu++20";
				CLANG_ENABLE_MODULES = YES;
				CLANG_ENABLE_OBJC_ARC = YES;
				CLANG_ENABLE_OBJC_WEAK = YES;
				CLANG_WARN_BLOCK_CAPTURE_AUTORELEASING = YES;
				CLANG_WARN_BOOL_CONVERSION = YES;
				CLANG_WARN_COMMA = YES;
				CLANG_WARN_CONSTANT_CONVERSION = YES;
				CLANG_WARN_DEPRECATED_OBJC_IMPLEMENTATIONS = YES;
				CLANG_WARN_DIRECT_OBJC_ISA_USAGE = YES_ERROR;
				CLANG_WARN_DOCUMENTATION_COMMENTS = YES;
				CLANG_WARN_EMPTY_BODY = YES;
				CLANG_WARN_ENUM_CONVERSION = YES;
				CLANG_WARN_INFINITE_RECURSION = YES;
				CLANG_WARN_INT_CONVERSION = YES;
				CLANG_WARN_NON_LITERAL_NULL_CONVERSION = YES;
				CLANG_WARN_OBJC_IMPLICIT_RETAIN_SELF = YES;
				CLANG_WARN_OBJC_LITERAL_CONVERSION = YES;
				CLANG_WARN_OBJC_ROOT_CLASS = YES_ERROR;
				CLANG_WARN_QUOTED_INCLUDE_IN_FRAMEWORK_HEADER = YES;
				CLANG_WARN_RANGE_LOOP_ANALYSIS = YES;
				CLANG_WARN_STRICT_PROTOTYPES = YES;
				CLANG_WARN_SUSPICIOUS_MOVE = YES;
				CLANG_WARN_UNGUARDED_AVAILABILITY = YES_AGGRESSIVE;
				CLANG_WARN_UNREACHABLE_CODE = YES;
				CLANG_WARN__DUPLICATE_METHOD_MATCH = YES;
				COPY_PHASE_STRIP = NO;
				DEBUG_INFORMATION_FORMAT = dwarf;
				ENABLE_STRICT_OBJC_MSGSEND = YES;
				ENABLE_TESTABILITY = YES;
				ENABLE_USER_SCRIPT_SANDBOXING = YES;
				GCC_C_LANGUAGE_STANDARD = gnu17;
				GCC_DYNAMIC_NO_PIC = NO;
				GCC_NO_COMMON_BLOCKS = YES;
				GCC_OPTIMIZATION_LEVEL = 0;
				GCC_PREPROCESSOR_DEFINITIONS = (
					"DEBUG=1",
					"$(inherited)",
				);
				GCC_WARN_64_TO_32_BIT_CONVERSION = YES;
				GCC_WARN_ABOUT_RETURN_TYPE = YES_ERROR;
				GCC_WARN_UNDECLARED_SELECTOR = YES;
				GCC_WARN_UNINITIALIZED_AUTOS = YES_AGGRESSIVE;
				GCC_WARN_UNUSED_FUNCTION = YES;
				GCC_WARN_UNUSED_VARIABLE = YES;
				IPHONEOS_DEPLOYMENT_TARGET = 17.0;
				LOCALIZATION_PREFERS_STRING_CATALOGS = YES;
				MTL_ENABLE_DEBUG_INFO = INCLUDE_SOURCE;
				MTL_FAST_MATH = YES;
				ONLY_ACTIVE_ARCH = YES;
				SDKROOT = iphoneos;
				SWIFT_ACTIVE_COMPILATION_CONDITIONS = "DEBUG $(inherited)";
				SWIFT_OPTIMIZATION_LEVEL = "-Onone";
			};
			name = Debug;
		};
		3D91C9D12B0FF4330072D756 /* Release */ = {
			isa = XCBuildConfiguration;
			buildSettings = {
				ALWAYS_SEARCH_USER_PATHS = NO;
				ASSETCATALOG_COMPILER_GENERATE_SWIFT_ASSET_SYMBOL_EXTENSIONS = YES;
				CLANG_ANALYZER_NONNULL = YES;
				CLANG_ANALYZER_NUMBER_OBJECT_CONVERSION = YES_AGGRESSIVE;
				CLANG_CXX_LANGUAGE_STANDARD = "gnu++20";
				CLANG_ENABLE_MODULES = YES;
				CLANG_ENABLE_OBJC_ARC = YES;
				CLANG_ENABLE_OBJC_WEAK = YES;
				CLANG_WARN_BLOCK_CAPTURE_AUTORELEASING = YES;
				CLANG_WARN_BOOL_CONVERSION = YES;
				CLANG_WARN_COMMA = YES;
				CLANG_WARN_CONSTANT_CONVERSION = YES;
				CLANG_WARN_DEPRECATED_OBJC_IMPLEMENTATIONS = YES;
				CLANG_WARN_DIRECT_OBJC_ISA_USAGE = YES_ERROR;
				CLANG_WARN_DOCUMENTATION_COMMENTS = YES;
				CLANG_WARN_EMPTY_BODY = YES;
				CLANG_WARN_ENUM_CONVERSION = YES;
				CLANG_WARN_INFINITE_RECURSION = YES;
				CLANG_WARN_INT_CONVERSION = YES;
				CLANG_WARN_NON_LITERAL_NULL_CONVERSION = YES;
				CLANG_WARN_OBJC_IMPLICIT_RETAIN_SELF = YES;
				CLANG_WARN_OBJC_LITERAL_CONVERSION = YES;
				CLANG_WARN_OBJC_ROOT_CLASS = YES_ERROR;
				CLANG_WARN_QUOTED_INCLUDE_IN_FRAMEWORK_HEADER = YES;
				CLANG_WARN_RANGE_LOOP_ANALYSIS = YES;
				CLANG_WARN_STRICT_PROTOTYPES = YES;
				CLANG_WARN_SUSPICIOUS_MOVE = YES;
				CLANG_WARN_UNGUARDED_AVAILABILITY = YES_AGGRESSIVE;
				CLANG_WARN_UNREACHABLE_CODE = YES;
				CLANG_WARN__DUPLICATE_METHOD_MATCH = YES;
				COPY_PHASE_STRIP = NO;
				DEBUG_INFORMATION_FORMAT = "dwarf-with-dsym";
				ENABLE_NS_ASSERTIONS = NO;
				ENABLE_STRICT_OBJC_MSGSEND = YES;
				ENABLE_USER_SCRIPT_SANDBOXING = YES;
				GCC_C_LANGUAGE_STANDARD = gnu17;
				GCC_NO_COMMON_BLOCKS = YES;
				GCC_WARN_64_TO_32_BIT_CONVERSION = YES;
				GCC_WARN_ABOUT_RETURN_TYPE = YES_ERROR;
				GCC_WARN_UNDECLARED_SELECTOR = YES;
				GCC_WARN_UNINITIALIZED_AUTOS = YES_AGGRESSIVE;
				GCC_WARN_UNUSED_FUNCTION = YES;
				GCC_WARN_UNUSED_VARIABLE = YES;
				IPHONEOS_DEPLOYMENT_TARGET = 17.0;
				LOCALIZATION_PREFERS_STRING_CATALOGS = YES;
				MTL_ENABLE_DEBUG_INFO = NO;
				MTL_FAST_MATH = YES;
				SDKROOT = iphoneos;
				SWIFT_COMPILATION_MODE = wholemodule;
				VALIDATE_PRODUCT = YES;
			};
			name = Release;
		};
		3D91C9D32B0FF4330072D756 /* Debug */ = {
			isa = XCBuildConfiguration;
			buildSettings = {
				ASSETCATALOG_COMPILER_APPICON_NAME = AppIcon;
				ASSETCATALOG_COMPILER_GLOBAL_ACCENT_COLOR_NAME = AccentColor;
				CODE_SIGN_STYLE = Automatic;
				CURRENT_PROJECT_VERSION = 1;
				DEVELOPMENT_TEAM = 5TVK25RQ2U;
				GENERATE_INFOPLIST_FILE = YES;
				INFOPLIST_FILE = "MovieDataBase MdevData/Info.plist";
				INFOPLIST_KEY_UIApplicationSupportsIndirectInputEvents = YES;
				INFOPLIST_KEY_UILaunchStoryboardName = LaunchScreen;
				INFOPLIST_KEY_UIMainStoryboardFile = Main;
				INFOPLIST_KEY_UISupportedInterfaceOrientations_iPad = "UIInterfaceOrientationPortrait UIInterfaceOrientationPortraitUpsideDown UIInterfaceOrientationLandscapeLeft UIInterfaceOrientationLandscapeRight";
				INFOPLIST_KEY_UISupportedInterfaceOrientations_iPhone = "UIInterfaceOrientationPortrait UIInterfaceOrientationLandscapeLeft UIInterfaceOrientationLandscapeRight";
				LD_RUNPATH_SEARCH_PATHS = (
					"$(inherited)",
					"@executable_path/Frameworks",
				);
				MARKETING_VERSION = 1.0;
				PRODUCT_BUNDLE_IDENTIFIER = "Olasile.MovieDataBase-MdevData";
				PRODUCT_NAME = "$(TARGET_NAME)";
				SWIFT_EMIT_LOC_STRINGS = YES;
				SWIFT_VERSION = 5.0;
				TARGETED_DEVICE_FAMILY = "1,2";
			};
			name = Debug;
		};
		3D91C9D42B0FF4330072D756 /* Release */ = {
			isa = XCBuildConfiguration;
			buildSettings = {
				ASSETCATALOG_COMPILER_APPICON_NAME = AppIcon;
				ASSETCATALOG_COMPILER_GLOBAL_ACCENT_COLOR_NAME = AccentColor;
				CODE_SIGN_STYLE = Automatic;
				CURRENT_PROJECT_VERSION = 1;
				DEVELOPMENT_TEAM = 5TVK25RQ2U;
				GENERATE_INFOPLIST_FILE = YES;
				INFOPLIST_FILE = "MovieDataBase MdevData/Info.plist";
				INFOPLIST_KEY_UIApplicationSupportsIndirectInputEvents = YES;
				INFOPLIST_KEY_UILaunchStoryboardName = LaunchScreen;
				INFOPLIST_KEY_UIMainStoryboardFile = Main;
				INFOPLIST_KEY_UISupportedInterfaceOrientations_iPad = "UIInterfaceOrientationPortrait UIInterfaceOrientationPortraitUpsideDown UIInterfaceOrientationLandscapeLeft UIInterfaceOrientationLandscapeRight";
				INFOPLIST_KEY_UISupportedInterfaceOrientations_iPhone = "UIInterfaceOrientationPortrait UIInterfaceOrientationLandscapeLeft UIInterfaceOrientationLandscapeRight";
				LD_RUNPATH_SEARCH_PATHS = (
					"$(inherited)",
					"@executable_path/Frameworks",
				);
				MARKETING_VERSION = 1.0;
				PRODUCT_BUNDLE_IDENTIFIER = "Olasile.MovieDataBase-MdevData";
				PRODUCT_NAME = "$(TARGET_NAME)";
				SWIFT_EMIT_LOC_STRINGS = YES;
				SWIFT_VERSION = 5.0;
				TARGETED_DEVICE_FAMILY = "1,2";
			};
			name = Release;
		};
/* End XCBuildConfiguration section */

/* Begin XCConfigurationList section */
		3D91C9B62B0FF4300072D756 /* Build configuration list for PBXProject "MovieDataBase MdevData" */ = {
			isa = XCConfigurationList;
			buildConfigurations = (
				3D91C9D02B0FF4330072D756 /* Debug */,
				3D91C9D12B0FF4330072D756 /* Release */,
			);
			defaultConfigurationIsVisible = 0;
			defaultConfigurationName = Release;
		};
		3D91C9D22B0FF4330072D756 /* Build configuration list for PBXNativeTarget "MovieDataBase MdevData" */ = {
			isa = XCConfigurationList;
			buildConfigurations = (
				3D91C9D32B0FF4330072D756 /* Debug */,
				3D91C9D42B0FF4330072D756 /* Release */,
			);
			defaultConfigurationIsVisible = 0;
			defaultConfigurationName = Release;
		};
/* End XCConfigurationList section */

/* Begin XCVersionGroup section */
		3D91C9C72B0FF4300072D756 /* MovieDataBase_MdevData.xcdatamodeld */ = {
			isa = XCVersionGroup;
			children = (
				3D91C9C82B0FF4300072D756 /* MovieDataBase_MdevData.xcdatamodel */,
			);
			currentVersion = 3D91C9C82B0FF4300072D756 /* MovieDataBase_MdevData.xcdatamodel */;
			path = MovieDataBase_MdevData.xcdatamodeld;
			sourceTree = "<group>";
			versionGroupType = wrapper.xcdatamodel;
		};
/* End XCVersionGroup section */
	};
	rootObject = 3D91C9B32B0FF4300072D756 /* Project object */;
}
